# Generated by molto. Committed on purpose: it is what makes a
# build on another machine contain the same bytes as this one.
# Edit Project.toml, not this file.

version = 1
root = "items_api"

[[package]]
name = "libpq"
version = "18.6.0"
source = "registry+https://molto-registry.molto-build.workers.dev"
checksum = "555610c24d53e4316da5b7d3fc25c279d96856d5e0e23ee308c328c5fa881d9f"
scopes = ["runtime"]
dependencies = ["openssl"]

[[package]]
name = "libwebsockets"
version = "5.0.0"
source = "registry+https://molto-registry.molto-build.workers.dev"
checksum = "f853c6582101cfcee3a5a9e28ae92ab19d9735c5f31f0bb2e9794b5106123962"
scopes = ["runtime"]
dependencies = ["openssl"]

[[package]]
name = "moltest"
version = "0.3.0"
source = "git+https://github.com/moltobuild/moltest#9e0611007d3b1ccebd589273dd14a7a229265c3c"
scopes = ["dev"]
dependencies = []

[[package]]
name = "moltest_coverage"
version = "0.3.0"
source = "git+https://github.com/moltobuild/moltest-coverage#v0.3.0"
scopes = ["dev"]
dependencies = ["moltest"]

[[package]]
name = "moltest_mock"
version = "0.5.0"
source = "git+https://github.com/moltobuild/moltest-mock#v0.5.0"
scopes = ["dev"]
dependencies = ["moltest"]

[[package]]
name = "openssl"
version = "3.0.13"
source = "registry+https://molto-registry.molto-build.workers.dev"
checksum = "80b178cbda354d66f19ccd2319a35ac10de1bbe6b1929be3243daef9bed6322a"
scopes = ["runtime"]
dependencies = []
