# Generated by molto. Committed on purpose: it is what makes a
# build on another machine contain the same bytes as this one.
# Edit Project.toml, not this file.

version = 1
root = "hello_api"

[[package]]
name = "libwebsockets"
version = "5.0.0"
source = "registry+https://molto-registry.molto-build.workers.dev"
checksum = "f853c6582101cfcee3a5a9e28ae92ab19d9735c5f31f0bb2e9794b5106123962"
scopes = ["runtime"]
dependencies = ["openssl"]

[[package]]
name = "moltest"
version = "0.4.0"
source = "git+https://github.com/moltobuild/moltest#v0.4.0"
scopes = ["dev"]
dependencies = []

[[package]]
name = "openssl"
version = "3.0.13"
source = "registry+https://molto-registry.molto-build.workers.dev"
checksum = "80b178cbda354d66f19ccd2319a35ac10de1bbe6b1929be3243daef9bed6322a"
scopes = ["runtime"]
dependencies = []
