# Generated by molto. Committed on purpose: it is what makes a
# build on another machine contain the same bytes as this one.
# Edit Project.toml, not this file.

version = 1
root = "inventory"

[[package]]
name = "libiconv"
source = "path+../.recipes/libxml2/../libiconv"
checksum = "88dd96a8c0464eca144fc791ae60cd31cd8ee78321e67397e25fc095c4a19aa6"
scopes = ["runtime"]
dependencies = []

[[package]]
name = "libpq"
source = "path+../.recipes/libpq"
checksum = "555610c24d53e4316da5b7d3fc25c279d96856d5e0e23ee308c328c5fa881d9f"
scopes = ["runtime"]
dependencies = ["openssl"]

[[package]]
name = "libxml2"
source = "path+../.recipes/libxml2"
checksum = "98087fd181d9070724f3fbc65c7377db03038eb92bd882374daff44940138821"
scopes = ["runtime"]
dependencies = ["libiconv", "zlib"]

[[package]]
name = "openssl"
version = "3.0.13"
source = "registry+https://molto-registry.molto-build.workers.dev"
checksum = "80b178cbda354d66f19ccd2319a35ac10de1bbe6b1929be3243daef9bed6322a"
scopes = ["runtime"]
dependencies = []

[[package]]
name = "zlib"
version = "1.3.1"
source = "registry+https://molto-registry.molto-build.workers.dev"
scopes = ["runtime"]
dependencies = []
