# Generated by molto. Committed on purpose: it is what makes a
# build on another machine contain the same bytes as this one.
# Edit Project.toml, not this file.

version = 1
root = "todo"

[[package]]
name = "gtk"
version = "4.14.0"
source = "registry+https://molto-registry.molto-build.workers.dev"
checksum = "f34ba43ea09bd646dd1f2666eaaaac53f616c62b93036f486fbb4fee72e9ae95"
scopes = ["runtime"]
dependencies = []

[[package]]
name = "moltest"
version = "0.4.0"
source = "git+https://github.com/moltobuild/moltest#v0.4.0"
scopes = ["dev"]
dependencies = []

[[package]]
name = "sqlite"
version = "3.53.4"
source = "registry+https://molto-registry.molto-build.workers.dev"
checksum = "1e71ddf93849c6a6ecf58b827c0692073d2dd7ee40196158068f7b29f422e87d"
scopes = ["runtime"]
dependencies = []
